
Microsoft Visual Studio Solution File, Format Version 12.00
# Visual Studio Version 17
VisualStudioVersion = 17.14.36109.1
MinimumVisualStudioVersion = 10.0.40219.1
Project("{FAE04EC0-301F-11D3-BF4B-00C04F79EFBC}") = "SMS", "SMS\SMS.csproj", "{B3C0BBBE-3C9A-4248-8B79-98E42BE27B3C}"
EndProject
Global
	GlobalSection(SolutionConfigurationPlatforms) = preSolution
		Debug|Any CPU = Debug|Any CPU
		Release|Any CPU = Release|Any CPU
	EndGlobalSection
	GlobalSection(ProjectConfigurationPlatforms) = postSolution
		{B3C0BBBE-3C9A-4248-8B79-98E42BE27B3C}.Debug|Any CPU.ActiveCfg = Debug|Any CPU
		{B3C0BBBE-3C9A-4248-8B79-98E42BE27B3C}.Debug|Any CPU.Build.0 = Debug|Any CPU
		{B3C0BBBE-3C9A-4248-8B79-98E42BE27B3C}.Release|Any CPU.ActiveCfg = Release|Any CPU
		{B3C0BBBE-3C9A-4248-8B79-98E42BE27B3C}.Release|Any CPU.Build.0 = Release|Any CPU
	EndGlobalSection
	GlobalSection(SolutionProperties) = preSolution
		HideSolutionNode = FALSE
	EndGlobalSection
	GlobalSection(ExtensibilityGlobals) = postSolution
		SolutionGuid = {74B5D3EA-F71B-4709-8E4E-33FF79E3E887}
	EndGlobalSection
EndGlobal
